
Microsoft Visual Studio Solution File, Format Version 12.00
# Visual Studio 14
VisualStudioVersion = 14.0.25420.1
MinimumVisualStudioVersion = 10.0.40219.1
Project("{FAE04EC0-301F-11D3-BF4B-00C04F79EFBC}") = "Models", "Models\Models.csproj", "{3073F5D0-AE84-4227-A945-2D764A61C7A9}"
EndProject
Project("{FAE04EC0-301F-11D3-BF4B-00C04F79EFBC}") = "FoodApi", "FoodApi\FoodApi.csproj", "{780608C7-454D-4582-B6BA-21167877C6DF}"
EndProject
Project("{FAE04EC0-301F-11D3-BF4B-00C04F79EFBC}") = "FoodApi.Tests", "FoodApi.Tests\FoodApi.Tests.csproj", "{3BCEDAB2-DBD1-41E6-AA52-94A562618254}"
EndProject
Project("{FAE04EC0-301F-11D3-BF4B-00C04F79EFBC}") = "Services", "Services\Services.csproj", "{1EF5086F-BF72-4F67-91F2-5A6E5081E49D}"
EndProject
Project("{FAE04EC0-301F-11D3-BF4B-00C04F79EFBC}") = "ModelValidations", "ModelValidations\ModelValidations.csproj", "{E920A3DF-9595-4CEE-992E-DC737DA625B6}"
EndProject
Global
	GlobalSection(SolutionConfigurationPlatforms) = preSolution
		Debug|Android = Debug|Android
		Debug|Any CPU = Debug|Any CPU
		Debug|iOS = Debug|iOS
		Debug|Windows Phone (Universal) = Debug|Windows Phone (Universal)
		Debug|Windows Phone 8 = Debug|Windows Phone 8
		Debug|Windows-AnyCPU = Debug|Windows-AnyCPU
		Debug|Windows-ARM = Debug|Windows-ARM
		Debug|Windows-x64 = Debug|Windows-x64
		Debug|Windows-x86 = Debug|Windows-x86
		Release|Android = Release|Android
		Release|Any CPU = Release|Any CPU
		Release|iOS = Release|iOS
		Release|Windows Phone (Universal) = Release|Windows Phone (Universal)
		Release|Windows Phone 8 = Release|Windows Phone 8
		Release|Windows-AnyCPU = Release|Windows-AnyCPU
		Release|Windows-ARM = Release|Windows-ARM
		Release|Windows-x64 = Release|Windows-x64
		Release|Windows-x86 = Release|Windows-x86
	EndGlobalSection
	GlobalSection(ProjectConfigurationPlatforms) = postSolution
		{3073F5D0-AE84-4227-A945-2D764A61C7A9}.Debug|Android.ActiveCfg = Debug|Any CPU
		{3073F5D0-AE84-4227-A945-2D764A61C7A9}.Debug|Android.Build.0 = Debug|Any CPU
		{3073F5D0-AE84-4227-A945-2D764A61C7A9}.Debug|Any CPU.ActiveCfg = Debug|Any CPU
		{3073F5D0-AE84-4227-A945-2D764A61C7A9}.Debug|Any CPU.Build.0 = Debug|Any CPU
		{3073F5D0-AE84-4227-A945-2D764A61C7A9}.Debug|iOS.ActiveCfg = Debug|Any CPU
		{3073F5D0-AE84-4227-A945-2D764A61C7A9}.Debug|iOS.Build.0 = Debug|Any CPU
		{3073F5D0-AE84-4227-A945-2D764A61C7A9}.Debug|Windows Phone (Universal).ActiveCfg = Debug|Any CPU
		{3073F5D0-AE84-4227-A945-2D764A61C7A9}.Debug|Windows Phone (Universal).Build.0 = Debug|Any CPU
		{3073F5D0-AE84-4227-A945-2D764A61C7A9}.Debug|Windows Phone 8.ActiveCfg = Debug|Any CPU
		{3073F5D0-AE84-4227-A945-2D764A61C7A9}.Debug|Windows Phone 8.Build.0 = Debug|Any CPU
		{3073F5D0-AE84-4227-A945-2D764A61C7A9}.Debug|Windows-AnyCPU.ActiveCfg = Debug|Any CPU
		{3073F5D0-AE84-4227-A945-2D764A61C7A9}.Debug|Windows-AnyCPU.Build.0 = Debug|Any CPU
		{3073F5D0-AE84-4227-A945-2D764A61C7A9}.Debug|Windows-ARM.ActiveCfg = Debug|Any CPU
		{3073F5D0-AE84-4227-A945-2D764A61C7A9}.Debug|Windows-ARM.Build.0 = Debug|Any CPU
		{3073F5D0-AE84-4227-A945-2D764A61C7A9}.Debug|Windows-x64.ActiveCfg = Debug|Any CPU
		{3073F5D0-AE84-4227-A945-2D764A61C7A9}.Debug|Windows-x64.Build.0 = Debug|Any CPU
		{3073F5D0-AE84-4227-A945-2D764A61C7A9}.Debug|Windows-x86.ActiveCfg = Debug|Any CPU
		{3073F5D0-AE84-4227-A945-2D764A61C7A9}.Debug|Windows-x86.Build.0 = Debug|Any CPU
		{3073F5D0-AE84-4227-A945-2D764A61C7A9}.Release|Android.ActiveCfg = Release|Any CPU
		{3073F5D0-AE84-4227-A945-2D764A61C7A9}.Release|Android.Build.0 = Release|Any CPU
		{3073F5D0-AE84-4227-A945-2D764A61C7A9}.Release|Any CPU.ActiveCfg = Release|Any CPU
		{3073F5D0-AE84-4227-A945-2D764A61C7A9}.Release|Any CPU.Build.0 = Release|Any CPU
		{3073F5D0-AE84-4227-A945-2D764A61C7A9}.Release|iOS.ActiveCfg = Release|Any CPU
		{3073F5D0-AE84-4227-A945-2D764A61C7A9}.Release|iOS.Build.0 = Release|Any CPU
		{3073F5D0-AE84-4227-A945-2D764A61C7A9}.Release|Windows Phone (Universal).ActiveCfg = Release|Any CPU
		{3073F5D0-AE84-4227-A945-2D764A61C7A9}.Release|Windows Phone (Universal).Build.0 = Release|Any CPU
		{3073F5D0-AE84-4227-A945-2D764A61C7A9}.Release|Windows Phone 8.ActiveCfg = Release|Any CPU
		{3073F5D0-AE84-4227-A945-2D764A61C7A9}.Release|Windows Phone 8.Build.0 = Release|Any CPU
		{3073F5D0-AE84-4227-A945-2D764A61C7A9}.Release|Windows-AnyCPU.ActiveCfg = Release|Any CPU
		{3073F5D0-AE84-4227-A945-2D764A61C7A9}.Release|Windows-AnyCPU.Build.0 = Release|Any CPU
		{3073F5D0-AE84-4227-A945-2D764A61C7A9}.Release|Windows-ARM.ActiveCfg = Release|Any CPU
		{3073F5D0-AE84-4227-A945-2D764A61C7A9}.Release|Windows-ARM.Build.0 = Release|Any CPU
		{3073F5D0-AE84-4227-A945-2D764A61C7A9}.Release|Windows-x64.ActiveCfg = Release|Any CPU
		{3073F5D0-AE84-4227-A945-2D764A61C7A9}.Release|Windows-x64.Build.0 = Release|Any CPU
		{3073F5D0-AE84-4227-A945-2D764A61C7A9}.Release|Windows-x86.ActiveCfg = Release|Any CPU
		{3073F5D0-AE84-4227-A945-2D764A61C7A9}.Release|Windows-x86.Build.0 = Release|Any CPU
		{780608C7-454D-4582-B6BA-21167877C6DF}.Debug|Android.ActiveCfg = Debug|Any CPU
		{780608C7-454D-4582-B6BA-21167877C6DF}.Debug|Android.Build.0 = Debug|Any CPU
		{780608C7-454D-4582-B6BA-21167877C6DF}.Debug|Any CPU.ActiveCfg = Debug|Any CPU
		{780608C7-454D-4582-B6BA-21167877C6DF}.Debug|Any CPU.Build.0 = Debug|Any CPU
		{780608C7-454D-4582-B6BA-21167877C6DF}.Debug|iOS.ActiveCfg = Debug|Any CPU
		{780608C7-454D-4582-B6BA-21167877C6DF}.Debug|iOS.Build.0 = Debug|Any CPU
		{780608C7-454D-4582-B6BA-21167877C6DF}.Debug|Windows Phone (Universal).ActiveCfg = Debug|Any CPU
		{780608C7-454D-4582-B6BA-21167877C6DF}.Debug|Windows Phone (Universal).Build.0 = Debug|Any CPU
		{780608C7-454D-4582-B6BA-21167877C6DF}.Debug|Windows Phone 8.ActiveCfg = Debug|Any CPU
		{780608C7-454D-4582-B6BA-21167877C6DF}.Debug|Windows Phone 8.Build.0 = Debug|Any CPU
		{780608C7-454D-4582-B6BA-21167877C6DF}.Debug|Windows-AnyCPU.ActiveCfg = Debug|Any CPU
		{780608C7-454D-4582-B6BA-21167877C6DF}.Debug|Windows-AnyCPU.Build.0 = Debug|Any CPU
		{780608C7-454D-4582-B6BA-21167877C6DF}.Debug|Windows-ARM.ActiveCfg = Debug|Any CPU
		{780608C7-454D-4582-B6BA-21167877C6DF}.Debug|Windows-ARM.Build.0 = Debug|Any CPU
		{780608C7-454D-4582-B6BA-21167877C6DF}.Debug|Windows-x64.ActiveCfg = Debug|Any CPU
		{780608C7-454D-4582-B6BA-21167877C6DF}.Debug|Windows-x64.Build.0 = Debug|Any CPU
		{780608C7-454D-4582-B6BA-21167877C6DF}.Debug|Windows-x86.ActiveCfg = Debug|Any CPU
		{780608C7-454D-4582-B6BA-21167877C6DF}.Debug|Windows-x86.Build.0 = Debug|Any CPU
		{780608C7-454D-4582-B6BA-21167877C6DF}.Release|Android.ActiveCfg = Release|Any CPU
		{780608C7-454D-4582-B6BA-21167877C6DF}.Release|Android.Build.0 = Release|Any CPU
		{780608C7-454D-4582-B6BA-21167877C6DF}.Release|Any CPU.ActiveCfg = Release|Any CPU
		{780608C7-454D-4582-B6BA-21167877C6DF}.Release|Any CPU.Build.0 = Release|Any CPU
		{780608C7-454D-4582-B6BA-21167877C6DF}.Release|iOS.ActiveCfg = Release|Any CPU
		{780608C7-454D-4582-B6BA-21167877C6DF}.Release|iOS.Build.0 = Release|Any CPU
		{780608C7-454D-4582-B6BA-21167877C6DF}.Release|Windows Phone (Universal).ActiveCfg = Release|Any CPU
		{780608C7-454D-4582-B6BA-21167877C6DF}.Release|Windows Phone (Universal).Build.0 = Release|Any CPU
		{780608C7-454D-4582-B6BA-21167877C6DF}.Release|Windows Phone 8.ActiveCfg = Release|Any CPU
		{780608C7-454D-4582-B6BA-21167877C6DF}.Release|Windows Phone 8.Build.0 = Release|Any CPU
		{780608C7-454D-4582-B6BA-21167877C6DF}.Release|Windows-AnyCPU.ActiveCfg = Release|Any CPU
		{780608C7-454D-4582-B6BA-21167877C6DF}.Release|Windows-AnyCPU.Build.0 = Release|Any CPU
		{780608C7-454D-4582-B6BA-21167877C6DF}.Release|Windows-ARM.ActiveCfg = Release|Any CPU
		{780608C7-454D-4582-B6BA-21167877C6DF}.Release|Windows-ARM.Build.0 = Release|Any CPU
		{780608C7-454D-4582-B6BA-21167877C6DF}.Release|Windows-x64.ActiveCfg = Release|Any CPU
		{780608C7-454D-4582-B6BA-21167877C6DF}.Release|Windows-x64.Build.0 = Release|Any CPU
		{780608C7-454D-4582-B6BA-21167877C6DF}.Release|Windows-x86.ActiveCfg = Release|Any CPU
		{780608C7-454D-4582-B6BA-21167877C6DF}.Release|Windows-x86.Build.0 = Release|Any CPU
		{3BCEDAB2-DBD1-41E6-AA52-94A562618254}.Debug|Android.ActiveCfg = Debug|Any CPU
		{3BCEDAB2-DBD1-41E6-AA52-94A562618254}.Debug|Android.Build.0 = Debug|Any CPU
		{3BCEDAB2-DBD1-41E6-AA52-94A562618254}.Debug|Any CPU.ActiveCfg = Debug|Any CPU
		{3BCEDAB2-DBD1-41E6-AA52-94A562618254}.Debug|Any CPU.Build.0 = Debug|Any CPU
		{3BCEDAB2-DBD1-41E6-AA52-94A562618254}.Debug|iOS.ActiveCfg = Debug|Any CPU
		{3BCEDAB2-DBD1-41E6-AA52-94A562618254}.Debug|iOS.Build.0 = Debug|Any CPU
		{3BCEDAB2-DBD1-41E6-AA52-94A562618254}.Debug|Windows Phone (Universal).ActiveCfg = Debug|Any CPU
		{3BCEDAB2-DBD1-41E6-AA52-94A562618254}.Debug|Windows Phone (Universal).Build.0 = Debug|Any CPU
		{3BCEDAB2-DBD1-41E6-AA52-94A562618254}.Debug|Windows Phone 8.ActiveCfg = Debug|Any CPU
		{3BCEDAB2-DBD1-41E6-AA52-94A562618254}.Debug|Windows Phone 8.Build.0 = Debug|Any CPU
		{3BCEDAB2-DBD1-41E6-AA52-94A562618254}.Debug|Windows-AnyCPU.ActiveCfg = Debug|Any CPU
		{3BCEDAB2-DBD1-41E6-AA52-94A562618254}.Debug|Windows-AnyCPU.Build.0 = Debug|Any CPU
		{3BCEDAB2-DBD1-41E6-AA52-94A562618254}.Debug|Windows-ARM.ActiveCfg = Debug|Any CPU
		{3BCEDAB2-DBD1-41E6-AA52-94A562618254}.Debug|Windows-ARM.Build.0 = Debug|Any CPU
		{3BCEDAB2-DBD1-41E6-AA52-94A562618254}.Debug|Windows-x64.ActiveCfg = Debug|Any CPU
		{3BCEDAB2-DBD1-41E6-AA52-94A562618254}.Debug|Windows-x64.Build.0 = Debug|Any CPU
		{3BCEDAB2-DBD1-41E6-AA52-94A562618254}.Debug|Windows-x86.ActiveCfg = Debug|Any CPU
		{3BCEDAB2-DBD1-41E6-AA52-94A562618254}.Debug|Windows-x86.Build.0 = Debug|Any CPU
		{3BCEDAB2-DBD1-41E6-AA52-94A562618254}.Release|Android.ActiveCfg = Release|Any CPU
		{3BCEDAB2-DBD1-41E6-AA52-94A562618254}.Release|Android.Build.0 = Release|Any CPU
		{3BCEDAB2-DBD1-41E6-AA52-94A562618254}.Release|Any CPU.ActiveCfg = Release|Any CPU
		{3BCEDAB2-DBD1-41E6-AA52-94A562618254}.Release|Any CPU.Build.0 = Release|Any CPU
		{3BCEDAB2-DBD1-41E6-AA52-94A562618254}.Release|iOS.ActiveCfg = Release|Any CPU
		{3BCEDAB2-DBD1-41E6-AA52-94A562618254}.Release|iOS.Build.0 = Release|Any CPU
		{3BCEDAB2-DBD1-41E6-AA52-94A562618254}.Release|Windows Phone (Universal).ActiveCfg = Release|Any CPU
		{3BCEDAB2-DBD1-41E6-AA52-94A562618254}.Release|Windows Phone (Universal).Build.0 = Release|Any CPU
		{3BCEDAB2-DBD1-41E6-AA52-94A562618254}.Release|Windows Phone 8.ActiveCfg = Release|Any CPU
		{3BCEDAB2-DBD1-41E6-AA52-94A562618254}.Release|Windows Phone 8.Build.0 = Release|Any CPU
		{3BCEDAB2-DBD1-41E6-AA52-94A562618254}.Release|Windows-AnyCPU.ActiveCfg = Release|Any CPU
		{3BCEDAB2-DBD1-41E6-AA52-94A562618254}.Release|Windows-AnyCPU.Build.0 = Release|Any CPU
		{3BCEDAB2-DBD1-41E6-AA52-94A562618254}.Release|Windows-ARM.ActiveCfg = Release|Any CPU
		{3BCEDAB2-DBD1-41E6-AA52-94A562618254}.Release|Windows-ARM.Build.0 = Release|Any CPU
		{3BCEDAB2-DBD1-41E6-AA52-94A562618254}.Release|Windows-x64.ActiveCfg = Release|Any CPU
		{3BCEDAB2-DBD1-41E6-AA52-94A562618254}.Release|Windows-x64.Build.0 = Release|Any CPU
		{3BCEDAB2-DBD1-41E6-AA52-94A562618254}.Release|Windows-x86.ActiveCfg = Release|Any CPU
		{3BCEDAB2-DBD1-41E6-AA52-94A562618254}.Release|Windows-x86.Build.0 = Release|Any CPU
		{1EF5086F-BF72-4F67-91F2-5A6E5081E49D}.Debug|Android.ActiveCfg = Debug|Any CPU
		{1EF5086F-BF72-4F67-91F2-5A6E5081E49D}.Debug|Android.Build.0 = Debug|Any CPU
		{1EF5086F-BF72-4F67-91F2-5A6E5081E49D}.Debug|Any CPU.ActiveCfg = Debug|Any CPU
		{1EF5086F-BF72-4F67-91F2-5A6E5081E49D}.Debug|Any CPU.Build.0 = Debug|Any CPU
		{1EF5086F-BF72-4F67-91F2-5A6E5081E49D}.Debug|iOS.ActiveCfg = Debug|Any CPU
		{1EF5086F-BF72-4F67-91F2-5A6E5081E49D}.Debug|iOS.Build.0 = Debug|Any CPU
		{1EF5086F-BF72-4F67-91F2-5A6E5081E49D}.Debug|Windows Phone (Universal).ActiveCfg = Debug|Any CPU
		{1EF5086F-BF72-4F67-91F2-5A6E5081E49D}.Debug|Windows Phone (Universal).Build.0 = Debug|Any CPU
		{1EF5086F-BF72-4F67-91F2-5A6E5081E49D}.Debug|Windows Phone 8.ActiveCfg = Debug|Any CPU
		{1EF5086F-BF72-4F67-91F2-5A6E5081E49D}.Debug|Windows Phone 8.Build.0 = Debug|Any CPU
		{1EF5086F-BF72-4F67-91F2-5A6E5081E49D}.Debug|Windows-AnyCPU.ActiveCfg = Debug|Any CPU
		{1EF5086F-BF72-4F67-91F2-5A6E5081E49D}.Debug|Windows-AnyCPU.Build.0 = Debug|Any CPU
		{1EF5086F-BF72-4F67-91F2-5A6E5081E49D}.Debug|Windows-ARM.ActiveCfg = Debug|Any CPU
		{1EF5086F-BF72-4F67-91F2-5A6E5081E49D}.Debug|Windows-ARM.Build.0 = Debug|Any CPU
		{1EF5086F-BF72-4F67-91F2-5A6E5081E49D}.Debug|Windows-x64.ActiveCfg = Debug|Any CPU
		{1EF5086F-BF72-4F67-91F2-5A6E5081E49D}.Debug|Windows-x64.Build.0 = Debug|Any CPU
		{1EF5086F-BF72-4F67-91F2-5A6E5081E49D}.Debug|Windows-x86.ActiveCfg = Debug|Any CPU
		{1EF5086F-BF72-4F67-91F2-5A6E5081E49D}.Debug|Windows-x86.Build.0 = Debug|Any CPU
		{1EF5086F-BF72-4F67-91F2-5A6E5081E49D}.Release|Android.ActiveCfg = Release|Any CPU
		{1EF5086F-BF72-4F67-91F2-5A6E5081E49D}.Release|Android.Build.0 = Release|Any CPU
		{1EF5086F-BF72-4F67-91F2-5A6E5081E49D}.Release|Any CPU.ActiveCfg = Release|Any CPU
		{1EF5086F-BF72-4F67-91F2-5A6E5081E49D}.Release|Any CPU.Build.0 = Release|Any CPU
		{1EF5086F-BF72-4F67-91F2-5A6E5081E49D}.Release|iOS.ActiveCfg = Release|Any CPU
		{1EF5086F-BF72-4F67-91F2-5A6E5081E49D}.Release|iOS.Build.0 = Release|Any CPU
		{1EF5086F-BF72-4F67-91F2-5A6E5081E49D}.Release|Windows Phone (Universal).ActiveCfg = Release|Any CPU
		{1EF5086F-BF72-4F67-91F2-5A6E5081E49D}.Release|Windows Phone (Universal).Build.0 = Release|Any CPU
		{1EF5086F-BF72-4F67-91F2-5A6E5081E49D}.Release|Windows Phone 8.ActiveCfg = Release|Any CPU
		{1EF5086F-BF72-4F67-91F2-5A6E5081E49D}.Release|Windows Phone 8.Build.0 = Release|Any CPU
		{1EF5086F-BF72-4F67-91F2-5A6E5081E49D}.Release|Windows-AnyCPU.ActiveCfg = Release|Any CPU
		{1EF5086F-BF72-4F67-91F2-5A6E5081E49D}.Release|Windows-AnyCPU.Build.0 = Release|Any CPU
		{1EF5086F-BF72-4F67-91F2-5A6E5081E49D}.Release|Windows-ARM.ActiveCfg = Release|Any CPU
		{1EF5086F-BF72-4F67-91F2-5A6E5081E49D}.Release|Windows-ARM.Build.0 = Release|Any CPU
		{1EF5086F-BF72-4F67-91F2-5A6E5081E49D}.Release|Windows-x64.ActiveCfg = Release|Any CPU
		{1EF5086F-BF72-4F67-91F2-5A6E5081E49D}.Release|Windows-x64.Build.0 = Release|Any CPU
		{1EF5086F-BF72-4F67-91F2-5A6E5081E49D}.Release|Windows-x86.ActiveCfg = Release|Any CPU
		{1EF5086F-BF72-4F67-91F2-5A6E5081E49D}.Release|Windows-x86.Build.0 = Release|Any CPU
		{E920A3DF-9595-4CEE-992E-DC737DA625B6}.Debug|Android.ActiveCfg = Debug|Any CPU
		{E920A3DF-9595-4CEE-992E-DC737DA625B6}.Debug|Android.Build.0 = Debug|Any CPU
		{E920A3DF-9595-4CEE-992E-DC737DA625B6}.Debug|Any CPU.ActiveCfg = Debug|Any CPU
		{E920A3DF-9595-4CEE-992E-DC737DA625B6}.Debug|Any CPU.Build.0 = Debug|Any CPU
		{E920A3DF-9595-4CEE-992E-DC737DA625B6}.Debug|iOS.ActiveCfg = Debug|Any CPU
		{E920A3DF-9595-4CEE-992E-DC737DA625B6}.Debug|iOS.Build.0 = Debug|Any CPU
		{E920A3DF-9595-4CEE-992E-DC737DA625B6}.Debug|Windows Phone (Universal).ActiveCfg = Debug|Any CPU
		{E920A3DF-9595-4CEE-992E-DC737DA625B6}.Debug|Windows Phone (Universal).Build.0 = Debug|Any CPU
		{E920A3DF-9595-4CEE-992E-DC737DA625B6}.Debug|Windows Phone 8.ActiveCfg = Debug|Any CPU
		{E920A3DF-9595-4CEE-992E-DC737DA625B6}.Debug|Windows Phone 8.Build.0 = Debug|Any CPU
		{E920A3DF-9595-4CEE-992E-DC737DA625B6}.Debug|Windows-AnyCPU.ActiveCfg = Debug|Any CPU
		{E920A3DF-9595-4CEE-992E-DC737DA625B6}.Debug|Windows-AnyCPU.Build.0 = Debug|Any CPU
		{E920A3DF-9595-4CEE-992E-DC737DA625B6}.Debug|Windows-ARM.ActiveCfg = Debug|Any CPU
		{E920A3DF-9595-4CEE-992E-DC737DA625B6}.Debug|Windows-ARM.Build.0 = Debug|Any CPU
		{E920A3DF-9595-4CEE-992E-DC737DA625B6}.Debug|Windows-x64.ActiveCfg = Debug|Any CPU
		{E920A3DF-9595-4CEE-992E-DC737DA625B6}.Debug|Windows-x64.Build.0 = Debug|Any CPU
		{E920A3DF-9595-4CEE-992E-DC737DA625B6}.Debug|Windows-x86.ActiveCfg = Debug|Any CPU
		{E920A3DF-9595-4CEE-992E-DC737DA625B6}.Debug|Windows-x86.Build.0 = Debug|Any CPU
		{E920A3DF-9595-4CEE-992E-DC737DA625B6}.Release|Android.ActiveCfg = Release|Any CPU
		{E920A3DF-9595-4CEE-992E-DC737DA625B6}.Release|Android.Build.0 = Release|Any CPU
		{E920A3DF-9595-4CEE-992E-DC737DA625B6}.Release|Any CPU.ActiveCfg = Release|Any CPU
		{E920A3DF-9595-4CEE-992E-DC737DA625B6}.Release|Any CPU.Build.0 = Release|Any CPU
		{E920A3DF-9595-4CEE-992E-DC737DA625B6}.Release|iOS.ActiveCfg = Release|Any CPU
		{E920A3DF-9595-4CEE-992E-DC737DA625B6}.Release|iOS.Build.0 = Release|Any CPU
		{E920A3DF-9595-4CEE-992E-DC737DA625B6}.Release|Windows Phone (Universal).ActiveCfg = Release|Any CPU
		{E920A3DF-9595-4CEE-992E-DC737DA625B6}.Release|Windows Phone (Universal).Build.0 = Release|Any CPU
		{E920A3DF-9595-4CEE-992E-DC737DA625B6}.Release|Windows Phone 8.ActiveCfg = Release|Any CPU
		{E920A3DF-9595-4CEE-992E-DC737DA625B6}.Release|Windows Phone 8.Build.0 = Release|Any CPU
		{E920A3DF-9595-4CEE-992E-DC737DA625B6}.Release|Windows-AnyCPU.ActiveCfg = Release|Any CPU
		{E920A3DF-9595-4CEE-992E-DC737DA625B6}.Release|Windows-AnyCPU.Build.0 = Release|Any CPU
		{E920A3DF-9595-4CEE-992E-DC737DA625B6}.Release|Windows-ARM.ActiveCfg = Release|Any CPU
		{E920A3DF-9595-4CEE-992E-DC737DA625B6}.Release|Windows-ARM.Build.0 = Release|Any CPU
		{E920A3DF-9595-4CEE-992E-DC737DA625B6}.Release|Windows-x64.ActiveCfg = Release|Any CPU
		{E920A3DF-9595-4CEE-992E-DC737DA625B6}.Release|Windows-x64.Build.0 = Release|Any CPU
		{E920A3DF-9595-4CEE-992E-DC737DA625B6}.Release|Windows-x86.ActiveCfg = Release|Any CPU
		{E920A3DF-9595-4CEE-992E-DC737DA625B6}.Release|Windows-x86.Build.0 = Release|Any CPU
	EndGlobalSection
	GlobalSection(SolutionProperties) = preSolution
		HideSolutionNode = FALSE
	EndGlobalSection
EndGlobal
